
Microsoft Visual Studio Solution File, Format Version 12.00
# Visual Studio Version 17
VisualStudioVersion = 17.8.34525.116
MinimumVisualStudioVersion = 10.0.40219.1
Project("{FAE04EC0-301F-11D3-BF4B-00C04F79EFBC}") = "ApiWithDapper", "ApiWithDapper\ApiWithDapper.csproj", "{B5A97BB4-CFF9-4B65-8E0B-8E0674F3DD52}"
EndProject
Global
	GlobalSection(SolutionConfigurationPlatforms) = preSolution
		Debug|Any CPU = Debug|Any CPU
		Release|Any CPU = Release|Any CPU
	EndGlobalSection
	GlobalSection(ProjectConfigurationPlatforms) = postSolution
		{B5A97BB4-CFF9-4B65-8E0B-8E0674F3DD52}.Debug|Any CPU.ActiveCfg = Debug|Any CPU
		{B5A97BB4-CFF9-4B65-8E0B-8E0674F3DD52}.Debug|Any CPU.Build.0 = Debug|Any CPU
		{B5A97BB4-CFF9-4B65-8E0B-8E0674F3DD52}.Release|Any CPU.ActiveCfg = Release|Any CPU
		{B5A97BB4-CFF9-4B65-8E0B-8E0674F3DD52}.Release|Any CPU.Build.0 = Release|Any CPU
	EndGlobalSection
	GlobalSection(SolutionProperties) = preSolution
		HideSolutionNode = FALSE
	EndGlobalSection
	GlobalSection(ExtensibilityGlobals) = postSolution
		SolutionGuid = {6D32FFEB-7918-4B99-8F77-10D9CE9D787C}
	EndGlobalSection
EndGlobal
